// !$*UTF8*$!
{
	archiveVersion = 1;
	classes = {
	};
	objectVersion = 46;
	objects = {

/* Begin PBXBuildFile section */
		71BE43F4A09D908CD6C1EE91 /* Pods.framework in Frameworks */ = {isa = PBXBuildFile; fileRef = 314289C137A7FCCDD8B10228 /* Pods.framework */; };
		813E034F1C763A7B00D8D4D3 /* UserSelectViewController.swift in Sources */ = {isa = PBXBuildFile; fileRef = 813E034E1C763A7B00D8D4D3 /* UserSelectViewController.swift */; };
		813E03511C7640A300D8D4D3 /* Podfile in Resources */ = {isa = PBXBuildFile; fileRef = 813E03501C7640A300D8D4D3 /* Podfile */; };
		813E03591C77753700D8D4D3 /* user_icon.png in Resources */ = {isa = PBXBuildFile; fileRef = 813E03581C77753700D8D4D3 /* user_icon.png */; };
		8192E6951C6D08FE007C3498 /* AppDelegate.swift in Sources */ = {isa = PBXBuildFile; fileRef = 8192E6941C6D08FE007C3498 /* AppDelegate.swift */; };
		8192E6971C6D08FE007C3498 /* RootViewController.swift in Sources */ = {isa = PBXBuildFile; fileRef = 8192E6961C6D08FE007C3498 /* RootViewController.swift */; };
		8192E6991C6D08FE007C3498 /* DataViewController.swift in Sources */ = {isa = PBXBuildFile; fileRef = 8192E6981C6D08FE007C3498 /* DataViewController.swift */; };
		8192E69B1C6D08FE007C3498 /* ModelController.swift in Sources */ = {isa = PBXBuildFile; fileRef = 8192E69A1C6D08FE007C3498 /* ModelController.swift */; };
		8192E69E1C6D08FE007C3498 /* Main.storyboard in Resources */ = {isa = PBXBuildFile; fileRef = 8192E69C1C6D08FE007C3498 /* Main.storyboard */; };
		8192E6A01C6D08FE007C3498 /* Assets.xcassets in Resources */ = {isa = PBXBuildFile; fileRef = 8192E69F1C6D08FE007C3498 /* Assets.xcassets */; };
		8192E6A31C6D08FE007C3498 /* LaunchScreen.storyboard in Resources */ = {isa = PBXBuildFile; fileRef = 8192E6A11C6D08FE007C3498 /* LaunchScreen.storyboard */; };
		8192E6AE1C6D08FE007C3498 /* Car_Health_CheckTests.swift in Sources */ = {isa = PBXBuildFile; fileRef = 8192E6AD1C6D08FE007C3498 /* Car_Health_CheckTests.swift */; };
		8192E6B91C6D08FE007C3498 /* Car_Health_CheckUITests.swift in Sources */ = {isa = PBXBuildFile; fileRef = 8192E6B81C6D08FE007C3498 /* Car_Health_CheckUITests.swift */; };
		8192E6C71C6D0F46007C3498 /* cap_plan.png in Resources */ = {isa = PBXBuildFile; fileRef = 8192E6C61C6D0F46007C3498 /* cap_plan.png */; };
		81E1B17A1C7387D500D0270A /* CarPartsViewController.swift in Sources */ = {isa = PBXBuildFile; fileRef = 81E1B1791C7387D500D0270A /* CarPartsViewController.swift */; };
/* End PBXBuildFile section */

/* Begin PBXContainerItemProxy section */
		8192E6AA1C6D08FE007C3498 /* PBXContainerItemProxy */ = {
			isa = PBXContainerItemProxy;
			containerPortal = 8192E6891C6D08FE007C3498 /* Project object */;
			proxyType = 1;
			remoteGlobalIDString = 8192E6901C6D08FE007C3498;
			remoteInfo = "Car Health Check";
		};
		8192E6B51C6D08FE007C3498 /* PBXContainerItemProxy */ = {
			isa = PBXContainerItemProxy;
			containerPortal = 8192E6891C6D08FE007C3498 /* Project object */;
			proxyType = 1;
			remoteGlobalIDString = 8192E6901C6D08FE007C3498;
			remoteInfo = "Car Health Check";
		};
/* End PBXContainerItemProxy section */

/* Begin PBXFileReference section */
		314289C137A7FCCDD8B10228 /* Pods.framework */ = {isa = PBXFileReference; explicitFileType = wrapper.framework; includeInIndex = 0; path = Pods.framework; sourceTree = BUILT_PRODUCTS_DIR; };
		813E034E1C763A7B00D8D4D3 /* UserSelectViewController.swift */ = {isa = PBXFileReference; fileEncoding = 4; lastKnownFileType = sourcecode.swift; path = UserSelectViewController.swift; sourceTree = "<group>"; };
		813E03501C7640A300D8D4D3 /* Podfile */ = {isa = PBXFileReference; fileEncoding = 4; lastKnownFileType = text; path = Podfile; sourceTree = "<group>"; };
		813E03581C77753700D8D4D3 /* user_icon.png */ = {isa = PBXFileReference; lastKnownFileType = image.png; name = user_icon.png; path = ../../Desktop/user_icon.png; sourceTree = "<group>"; };
		8192E6911C6D08FE007C3498 /* Car Health Check.app */ = {isa = PBXFileReference; explicitFileType = wrapper.application; includeInIndex = 0; path = "Car Health Check.app"; sourceTree = BUILT_PRODUCTS_DIR; };
		8192E6941C6D08FE007C3498 /* AppDelegate.swift */ = {isa = PBXFileReference; lastKnownFileType = sourcecode.swift; path = AppDelegate.swift; sourceTree = "<group>"; };
		8192E6961C6D08FE007C3498 /* RootViewController.swift */ = {isa = PBXFileReference; lastKnownFileType = sourcecode.swift; path = RootViewController.swift; sourceTree = "<group>"; };
		8192E6981C6D08FE007C3498 /* DataViewController.swift */ = {isa = PBXFileReference; lastKnownFileType = sourcecode.swift; path = DataViewController.swift; sourceTree = "<group>"; };
		8192E69A1C6D08FE007C3498 /* ModelController.swift */ = {isa = PBXFileReference; lastKnownFileType = sourcecode.swift; path = ModelController.swift; sourceTree = "<group>"; };
		8192E69D1C6D08FE007C3498 /* Base */ = {isa = PBXFileReference; lastKnownFileType = file.storyboard; name = Base; path = Base.lproj/Main.storyboard; sourceTree = "<group>"; };
		8192E69F1C6D08FE007C3498 /* Assets.xcassets */ = {isa = PBXFileReference; lastKnownFileType = folder.assetcatalog; path = Assets.xcassets; sourceTree = "<group>"; };
		8192E6A21C6D08FE007C3498 /* Base */ = {isa = PBXFileReference; lastKnownFileType = file.storyboard; name = Base; path = Base.lproj/LaunchScreen.storyboard; sourceTree = "<group>"; };
		8192E6A41C6D08FE007C3498 /* Info.plist */ = {isa = PBXFileReference; lastKnownFileType = text.plist.xml; path = Info.plist; sourceTree = "<group>"; };
		8192E6A91C6D08FE007C3498 /* Car Health CheckTests.xctest */ = {isa = PBXFileReference; explicitFileType = wrapper.cfbundle; includeInIndex = 0; path = "Car Health CheckTests.xctest"; sourceTree = BUILT_PRODUCTS_DIR; };
		8192E6AD1C6D08FE007C3498 /* Car_Health_CheckTests.swift */ = {isa = PBXFileReference; lastKnownFileType = sourcecode.swift; path = Car_Health_CheckTests.swift; sourceTree = "<group>"; };
		8192E6AF1C6D08FE007C3498 /* Info.plist */ = {isa = PBXFileReference; lastKnownFileType = text.plist.xml; path = Info.plist; sourceTree = "<group>"; };
		8192E6B41C6D08FE007C3498 /* Car Health CheckUITests.xctest */ = {isa = PBXFileReference; explicitFileType = wrapper.cfbundle; includeInIndex = 0; path = "Car Health CheckUITests.xctest"; sourceTree = BUILT_PRODUCTS_DIR; };
		8192E6B81C6D08FE007C3498 /* Car_Health_CheckUITests.swift */ = {isa = PBXFileReference; lastKnownFileType = sourcecode.swift; path = Car_Health_CheckUITests.swift; sourceTree = "<group>"; };
		8192E6BA1C6D08FE007C3498 /* Info.plist */ = {isa = PBXFileReference; lastKnownFileType = text.plist.xml; path = Info.plist; sourceTree = "<group>"; };
		8192E6C61C6D0F46007C3498 /* cap_plan.png */ = {isa = PBXFileReference; lastKnownFileType = image.png; name = cap_plan.png; path = "Car Health Check/Assets.xcassets/cap_plan.png"; sourceTree = "<group>"; };
		81E1B1791C7387D500D0270A /* CarPartsViewController.swift */ = {isa = PBXFileReference; fileEncoding = 4; lastKnownFileType = sourcecode.swift; path = CarPartsViewController.swift; sourceTree = "<group>"; };
		AD5926C8296CBBFF33734B46 /* Pods.release.xcconfig */ = {isa = PBXFileReference; includeInIndex = 1; lastKnownFileType = text.xcconfig; name = Pods.release.xcconfig; path = "Pods/Target Support Files/Pods/Pods.release.xcconfig"; sourceTree = "<group>"; };
		CE6376C336F79A7C1A98FBCC /* Pods.debug.xcconfig */ = {isa = PBXFileReference; includeInIndex = 1; lastKnownFileType = text.xcconfig; name = Pods.debug.xcconfig; path = "Pods/Target Support Files/Pods/Pods.debug.xcconfig"; sourceTree = "<group>"; };
/* End PBXFileReference section */

/* Begin PBXFrameworksBuildPhase section */
		8192E68E1C6D08FE007C3498 /* Frameworks */ = {
			isa = PBXFrameworksBuildPhase;
			buildActionMask = 2147483647;
			files = (
				71BE43F4A09D908CD6C1EE91 /* Pods.framework in Frameworks */,
			);
			runOnlyForDeploymentPostprocessing = 0;
		};
		8192E6A61C6D08FE007C3498 /* Frameworks */ = {
			isa = PBXFrameworksBuildPhase;
			buildActionMask = 2147483647;
			files = (
			);
			runOnlyForDeploymentPostprocessing = 0;
		};
		8192E6B11C6D08FE007C3498 /* Frameworks */ = {
			isa = PBXFrameworksBuildPhase;
			buildActionMask = 2147483647;
			files = (
			);
			runOnlyForDeploymentPostprocessing = 0;
		};
/* End PBXFrameworksBuildPhase section */

/* Begin PBXGroup section */
		32FA041C9AEF300E2F22CD79 /* Frameworks */ = {
			isa = PBXGroup;
			children = (
				314289C137A7FCCDD8B10228 /* Pods.framework */,
			);
			name = Frameworks;
			sourceTree = "<group>";
		};
		3D9A731CF58754C8552B68DF /* Pods */ = {
			isa = PBXGroup;
			children = (
				CE6376C336F79A7C1A98FBCC /* Pods.debug.xcconfig */,
				AD5926C8296CBBFF33734B46 /* Pods.release.xcconfig */,
			);
			name = Pods;
			sourceTree = "<group>";
		};
		8192E6881C6D08FE007C3498 = {
			isa = PBXGroup;
			children = (
				813E03501C7640A300D8D4D3 /* Podfile */,
				813E03581C77753700D8D4D3 /* user_icon.png */,
				8192E6C61C6D0F46007C3498 /* cap_plan.png */,
				8192E6931C6D08FE007C3498 /* Car Health Check */,
				8192E6AC1C6D08FE007C3498 /* Car Health CheckTests */,
				8192E6B71C6D08FE007C3498 /* Car Health CheckUITests */,
				8192E6921C6D08FE007C3498 /* Products */,
				3D9A731CF58754C8552B68DF /* Pods */,
				32FA041C9AEF300E2F22CD79 /* Frameworks */,
			);
			sourceTree = "<group>";
		};
		8192E6921C6D08FE007C3498 /* Products */ = {
			isa = PBXGroup;
			children = (
				8192E6911C6D08FE007C3498 /* Car Health Check.app */,
				8192E6A91C6D08FE007C3498 /* Car Health CheckTests.xctest */,
				8192E6B41C6D08FE007C3498 /* Car Health CheckUITests.xctest */,
			);
			name = Products;
			sourceTree = "<group>";
		};
		8192E6931C6D08FE007C3498 /* Car Health Check */ = {
			isa = PBXGroup;
			children = (
				8192E6941C6D08FE007C3498 /* AppDelegate.swift */,
				8192E6961C6D08FE007C3498 /* RootViewController.swift */,
				8192E6981C6D08FE007C3498 /* DataViewController.swift */,
				8192E69A1C6D08FE007C3498 /* ModelController.swift */,
				8192E69C1C6D08FE007C3498 /* Main.storyboard */,
				8192E69F1C6D08FE007C3498 /* Assets.xcassets */,
				8192E6A11C6D08FE007C3498 /* LaunchScreen.storyboard */,
				8192E6A41C6D08FE007C3498 /* Info.plist */,
				81E1B1791C7387D500D0270A /* CarPartsViewController.swift */,
				813E034E1C763A7B00D8D4D3 /* UserSelectViewController.swift */,
			);
			path = "Car Health Check";
			sourceTree = "<group>";
		};
		8192E6AC1C6D08FE007C3498 /* Car Health CheckTests */ = {
			isa = PBXGroup;
			children = (
				8192E6AD1C6D08FE007C3498 /* Car_Health_CheckTests.swift */,
				8192E6AF1C6D08FE007C3498 /* Info.plist */,
			);
			path = "Car Health CheckTests";
			sourceTree = "<group>";
		};
		8192E6B71C6D08FE007C3498 /* Car Health CheckUITests */ = {
			isa = PBXGroup;
			children = (
				8192E6B81C6D08FE007C3498 /* Car_Health_CheckUITests.swift */,
				8192E6BA1C6D08FE007C3498 /* Info.plist */,
			);
			path = "Car Health CheckUITests";
			sourceTree = "<group>";
		};
/* End PBXGroup section */

/* Begin PBXNativeTarget section */
		8192E6901C6D08FE007C3498 /* Car Health Check */ = {
			isa = PBXNativeTarget;
			buildConfigurationList = 8192E6BD1C6D08FE007C3498 /* Build configuration list for PBXNativeTarget "Car Health Check" */;
			buildPhases = (
				97807DB6B77F9A2AD3D6F40F /* Check Pods Manifest.lock */,
				8192E68D1C6D08FE007C3498 /* Sources */,
				8192E68E1C6D08FE007C3498 /* Frameworks */,
				8192E68F1C6D08FE007C3498 /* Resources */,
				E6A86952899A7628CA82142F /* Embed Pods Frameworks */,
				2952FAD7EE2C1A310B43384F /* Copy Pods Resources */,
			);
			buildRules = (
			);
			dependencies = (
			);
			name = "Car Health Check";
			productName = "Car Health Check";
			productReference = 8192E6911C6D08FE007C3498 /* Car Health Check.app */;
			productType = "com.apple.product-type.application";
		};
		8192E6A81C6D08FE007C3498 /* Car Health CheckTests */ = {
			isa = PBXNativeTarget;
			buildConfigurationList = 8192E6C01C6D08FE007C3498 /* Build configuration list for PBXNativeTarget "Car Health CheckTests" */;
			buildPhases = (
				8192E6A51C6D08FE007C3498 /* Sources */,
				8192E6A61C6D08FE007C3498 /* Frameworks */,
				8192E6A71C6D08FE007C3498 /* Resources */,
			);
			buildRules = (
			);
			dependencies = (
				8192E6AB1C6D08FE007C3498 /* PBXTargetDependency */,
			);
			name = "Car Health CheckTests";
			productName = "Car Health CheckTests";
			productReference = 8192E6A91C6D08FE007C3498 /* Car Health CheckTests.xctest */;
			productType = "com.apple.product-type.bundle.unit-test";
		};
		8192E6B31C6D08FE007C3498 /* Car Health CheckUITests */ = {
			isa = PBXNativeTarget;
			buildConfigurationList = 8192E6C31C6D08FE007C3498 /* Build configuration list for PBXNativeTarget "Car Health CheckUITests" */;
			buildPhases = (
				8192E6B01C6D08FE007C3498 /* Sources */,
				8192E6B11C6D08FE007C3498 /* Frameworks */,
				8192E6B21C6D08FE007C3498 /* Resources */,
			);
			buildRules = (
			);
			dependencies = (
				8192E6B61C6D08FE007C3498 /* PBXTargetDependency */,
			);
			name = "Car Health CheckUITests";
			productName = "Car Health CheckUITests";
			productReference = 8192E6B41C6D08FE007C3498 /* Car Health CheckUITests.xctest */;
			productType = "com.apple.product-type.bundle.ui-testing";
		};
/* End PBXNativeTarget section */

/* Begin PBXProject section */
		8192E6891C6D08FE007C3498 /* Project object */ = {
			isa = PBXProject;
			attributes = {
				LastSwiftUpdateCheck = 0720;
				LastUpgradeCheck = 0720;
				ORGANIZATIONNAME = "Simon Wild";
				TargetAttributes = {
					8192E6901C6D08FE007C3498 = {
						CreatedOnToolsVersion = 7.2.1;
					};
					8192E6A81C6D08FE007C3498 = {
						CreatedOnToolsVersion = 7.2.1;
						TestTargetID = 8192E6901C6D08FE007C3498;
					};
					8192E6B31C6D08FE007C3498 = {
						CreatedOnToolsVersion = 7.2.1;
						TestTargetID = 8192E6901C6D08FE007C3498;
					};
				};
			};
			buildConfigurationList = 8192E68C1C6D08FE007C3498 /* Build configuration list for PBXProject "Car Health Check" */;
			compatibilityVersion = "Xcode 3.2";
			developmentRegion = English;
			hasScannedForEncodings = 0;
			knownRegions = (
				en,
				Base,
			);
			mainGroup = 8192E6881C6D08FE007C3498;
			productRefGroup = 8192E6921C6D08FE007C3498 /* Products */;
			projectDirPath = "";
			projectRoot = "";
			targets = (
				8192E6901C6D08FE007C3498 /* Car Health Check */,
				8192E6A81C6D08FE007C3498 /* Car Health CheckTests */,
				8192E6B31C6D08FE007C3498 /* Car Health CheckUITests */,
			);
		};
/* End PBXProject section */

/* Begin PBXResourcesBuildPhase section */
		8192E68F1C6D08FE007C3498 /* Resources */ = {
			isa = PBXResourcesBuildPhase;
			buildActionMask = 2147483647;
			files = (
				813E03591C77753700D8D4D3 /* user_icon.png in Resources */,
				813E03511C7640A300D8D4D3 /* Podfile in Resources */,
				8192E6A31C6D08FE007C3498 /* LaunchScreen.storyboard in Resources */,
				8192E6C71C6D0F46007C3498 /* cap_plan.png in Resources */,
				8192E6A01C6D08FE007C3498 /* Assets.xcassets in Resources */,
				8192E69E1C6D08FE007C3498 /* Main.storyboard in Resources */,
			);
			runOnlyForDeploymentPostprocessing = 0;
		};
		8192E6A71C6D08FE007C3498 /* Resources */ = {
			isa = PBXResourcesBuildPhase;
			buildActionMask = 2147483647;
			files = (
			);
			runOnlyForDeploymentPostprocessing = 0;
		};
		8192E6B21C6D08FE007C3498 /* Resources */ = {
			isa = PBXResourcesBuildPhase;
			buildActionMask = 2147483647;
			files = (
			);
			runOnlyForDeploymentPostprocessing = 0;
		};
/* End PBXResourcesBuildPhase section */

/* Begin PBXShellScriptBuildPhase section */
		2952FAD7EE2C1A310B43384F /* Copy Pods Resources */ = {
			isa = PBXShellScriptBuildPhase;
			buildActionMask = 2147483647;
			files = (
			);
			inputPaths = (
			);
			name = "Copy Pods Resources";
			outputPaths = (
			);
			runOnlyForDeploymentPostprocessing = 0;
			shellPath = /bin/sh;
			shellScript = "\"${SRCROOT}/Pods/Target Support Files/Pods/Pods-resources.sh\"\n";
			showEnvVarsInLog = 0;
		};
		97807DB6B77F9A2AD3D6F40F /* Check Pods Manifest.lock */ = {
			isa = PBXShellScriptBuildPhase;
			buildActionMask = 2147483647;
			files = (
			);
			inputPaths = (
			);
			name = "Check Pods Manifest.lock";
			outputPaths = (
			);
			runOnlyForDeploymentPostprocessing = 0;
			shellPath = /bin/sh;
			shellScript = "diff \"${PODS_ROOT}/../Podfile.lock\" \"${PODS_ROOT}/Manifest.lock\" > /dev/null\nif [[ $? != 0 ]] ; then\n    cat << EOM\nerror: The sandbox is not in sync with the Podfile.lock. Run 'pod install' or update your CocoaPods installation.\nEOM\n    exit 1\nfi\n";
			showEnvVarsInLog = 0;
		};
		E6A86952899A7628CA82142F /* Embed Pods Frameworks */ = {
			isa = PBXShellScriptBuildPhase;
			buildActionMask = 2147483647;
			files = (
			);
			inputPaths = (
			);
			name = "Embed Pods Frameworks";
			outputPaths = (
			);
			runOnlyForDeploymentPostprocessing = 0;
			shellPath = /bin/sh;
			shellScript = "\"${SRCROOT}/Pods/Target Support Files/Pods/Pods-frameworks.sh\"\n";
			showEnvVarsInLog = 0;
		};
/* End PBXShellScriptBuildPhase section */

/* Begin PBXSourcesBuildPhase section */
		8192E68D1C6D08FE007C3498 /* Sources */ = {
			isa = PBXSourcesBuildPhase;
			buildActionMask = 2147483647;
			files = (
				8192E6971C6D08FE007C3498 /* RootViewController.swift in Sources */,
				8192E69B1C6D08FE007C3498 /* ModelController.swift in Sources */,
				8192E6991C6D08FE007C3498 /* DataViewController.swift in Sources */,
				813E034F1C763A7B00D8D4D3 /* UserSelectViewController.swift in Sources */,
				81E1B17A1C7387D500D0270A /* CarPartsViewController.swift in Sources */,
				8192E6951C6D08FE007C3498 /* AppDelegate.swift in Sources */,
			);
			runOnlyForDeploymentPostprocessing = 0;
		};
		8192E6A51C6D08FE007C3498 /* Sources */ = {
			isa = PBXSourcesBuildPhase;
			buildActionMask = 2147483647;
			files = (
				8192E6AE1C6D08FE007C3498 /* Car_Health_CheckTests.swift in Sources */,
			);
			runOnlyForDeploymentPostprocessing = 0;
		};
		8192E6B01C6D08FE007C3498 /* Sources */ = {
			isa = PBXSourcesBuildPhase;
			buildActionMask = 2147483647;
			files = (
				8192E6B91C6D08FE007C3498 /* Car_Health_CheckUITests.swift in Sources */,
			);
			runOnlyForDeploymentPostprocessing = 0;
		};
/* End PBXSourcesBuildPhase section */

/* Begin PBXTargetDependency section */
		8192E6AB1C6D08FE007C3498 /* PBXTargetDependency */ = {
			isa = PBXTargetDependency;
			target = 8192E6901C6D08FE007C3498 /* Car Health Check */;
			targetProxy = 8192E6AA1C6D08FE007C3498 /* PBXContainerItemProxy */;
		};
		8192E6B61C6D08FE007C3498 /* PBXTargetDependency */ = {
			isa = PBXTargetDependency;
			target = 8192E6901C6D08FE007C3498 /* Car Health Check */;
			targetProxy = 8192E6B51C6D08FE007C3498 /* PBXContainerItemProxy */;
		};
/* End PBXTargetDependency section */

/* Begin PBXVariantGroup section */
		8192E69C1C6D08FE007C3498 /* Main.storyboard */ = {
			isa = PBXVariantGroup;
			children = (
				8192E69D1C6D08FE007C3498 /* Base */,
			);
			name = Main.storyboard;
			sourceTree = "<group>";
		};
		8192E6A11C6D08FE007C3498 /* LaunchScreen.storyboard */ = {
			isa = PBXVariantGroup;
			children = (
				8192E6A21C6D08FE007C3498 /* Base */,
			);
			name = LaunchScreen.storyboard;
			sourceTree = "<group>";
		};
/* End PBXVariantGroup section */

/* Begin XCBuildConfiguration section */
		8192E6BB1C6D08FE007C3498 /* Debug */ = {
			isa = XCBuildConfiguration;
			buildSettings = {
				ALWAYS_SEARCH_USER_PATHS = NO;
				CLANG_CXX_LANGUAGE_STANDARD = "gnu++0x";
				CLANG_CXX_LIBRARY = "libc++";
				CLANG_ENABLE_MODULES = YES;
				CLANG_ENABLE_OBJC_ARC = YES;
				CLANG_WARN_BOOL_CONVERSION = YES;
				CLANG_WARN_CONSTANT_CONVERSION = YES;
				CLANG_WARN_DIRECT_OBJC_ISA_USAGE = YES_ERROR;
				CLANG_WARN_EMPTY_BODY = YES;
				CLANG_WARN_ENUM_CONVERSION = YES;
				CLANG_WARN_INT_CONVERSION = YES;
				CLANG_WARN_OBJC_ROOT_CLASS = YES_ERROR;
				CLANG_WARN_UNREACHABLE_CODE = YES;
				CLANG_WARN__DUPLICATE_METHOD_MATCH = YES;
				"CODE_SIGN_IDENTITY[sdk=iphoneos*]" = "iPhone Developer";
				COPY_PHASE_STRIP = NO;
				DEBUG_INFORMATION_FORMAT = dwarf;
				ENABLE_STRICT_OBJC_MSGSEND = YES;
				ENABLE_TESTABILITY = YES;
				GCC_C_LANGUAGE_STANDARD = gnu99;
				GCC_DYNAMIC_NO_PIC = NO;
				GCC_NO_COMMON_BLOCKS = YES;
				GCC_OPTIMIZATION_LEVEL = 0;
				GCC_PREPROCESSOR_DEFINITIONS = (
					"DEBUG=1",
					"$(inherited)",
				);
				GCC_WARN_64_TO_32_BIT_CONVERSION = YES;
				GCC_WARN_ABOUT_RETURN_TYPE = YES_ERROR;
				GCC_WARN_UNDECLARED_SELECTOR = YES;
				GCC_WARN_UNINITIALIZED_AUTOS = YES_AGGRESSIVE;
				GCC_WARN_UNUSED_FUNCTION = YES;
				GCC_WARN_UNUSED_VARIABLE = YES;
				IPHONEOS_DEPLOYMENT_TARGET = 9.2;
				MTL_ENABLE_DEBUG_INFO = YES;
				ONLY_ACTIVE_ARCH = YES;
				SDKROOT = iphoneos;
				SWIFT_OPTIMIZATION_LEVEL = "-Onone";
			};
			name = Debug;
		};
		8192E6BC1C6D08FE007C3498 /* Release */ = {
			isa = XCBuildConfiguration;
			buildSettings = {
				ALWAYS_SEARCH_USER_PATHS = NO;
				CLANG_CXX_LANGUAGE_STANDARD = "gnu++0x";
				CLANG_CXX_LIBRARY = "libc++";
				CLANG_ENABLE_MODULES = YES;
				CLANG_ENABLE_OBJC_ARC = YES;
				CLANG_WARN_BOOL_CONVERSION = YES;
				CLANG_WARN_CONSTANT_CONVERSION = YES;
				CLANG_WARN_DIRECT_OBJC_ISA_USAGE = YES_ERROR;
				CLANG_WARN_EMPTY_BODY = YES;
				CLANG_WARN_ENUM_CONVERSION = YES;
				CLANG_WARN_INT_CONVERSION = YES;
				CLANG_WARN_OBJC_ROOT_CLASS = YES_ERROR;
				CLANG_WARN_UNREACHABLE_CODE = YES;
				CLANG_WARN__DUPLICATE_METHOD_MATCH = YES;
				"CODE_SIGN_IDENTITY[sdk=iphoneos*]" = "iPhone Developer";
				COPY_PHASE_STRIP = NO;
				DEBUG_INFORMATION_FORMAT = "dwarf-with-dsym";
				ENABLE_NS_ASSERTIONS = NO;
				ENABLE_STRICT_OBJC_MSGSEND = YES;
				GCC_C_LANGUAGE_STANDARD = gnu99;
				GCC_NO_COMMON_BLOCKS = YES;
				GCC_WARN_64_TO_32_BIT_CONVERSION = YES;
				GCC_WARN_ABOUT_RETURN_TYPE = YES_ERROR;
				GCC_WARN_UNDECLARED_SELECTOR = YES;
				GCC_WARN_UNINITIALIZED_AUTOS = YES_AGGRESSIVE;
				GCC_WARN_UNUSED_FUNCTION = YES;
				GCC_WARN_UNUSED_VARIABLE = YES;
				IPHONEOS_DEPLOYMENT_TARGET = 9.2;
				MTL_ENABLE_DEBUG_INFO = NO;
				SDKROOT = iphoneos;
				VALIDATE_PRODUCT = YES;
			};
			name = Release;
		};
		8192E6BE1C6D08FE007C3498 /* Debug */ = {
			isa = XCBuildConfiguration;
			baseConfigurationReference = CE6376C336F79A7C1A98FBCC /* Pods.debug.xcconfig */;
			buildSettings = {
				ASSETCATALOG_COMPILER_APPICON_NAME = AppIcon;
				INFOPLIST_FILE = "Car Health Check/Info.plist";
				LD_RUNPATH_SEARCH_PATHS = "$(inherited) @executable_path/Frameworks";
				PRODUCT_BUNDLE_IDENTIFIER = "com.dev.Car-Health-Check";
				PRODUCT_NAME = "$(TARGET_NAME)";
			};
			name = Debug;
		};
		8192E6BF1C6D08FE007C3498 /* Release */ = {
			isa = XCBuildConfiguration;
			baseConfigurationReference = AD5926C8296CBBFF33734B46 /* Pods.release.xcconfig */;
			buildSettings = {
				ASSETCATALOG_COMPILER_APPICON_NAME = AppIcon;
				INFOPLIST_FILE = "Car Health Check/Info.plist";
				LD_RUNPATH_SEARCH_PATHS = "$(inherited) @executable_path/Frameworks";
				PRODUCT_BUNDLE_IDENTIFIER = "com.dev.Car-Health-Check";
				PRODUCT_NAME = "$(TARGET_NAME)";
			};
			name = Release;
		};
		8192E6C11C6D08FE007C3498 /* Debug */ = {
			isa = XCBuildConfiguration;
			buildSettings = {
				BUNDLE_LOADER = "$(TEST_HOST)";
				INFOPLIST_FILE = "Car Health CheckTests/Info.plist";
				LD_RUNPATH_SEARCH_PATHS = "$(inherited) @executable_path/Frameworks @loader_path/Frameworks";
				PRODUCT_BUNDLE_IDENTIFIER = "com.dev.Car-Health-CheckTests";
				PRODUCT_NAME = "$(TARGET_NAME)";
				TEST_HOST = "$(BUILT_PRODUCTS_DIR)/Car Health Check.app/Car Health Check";
			};
			name = Debug;
		};
		8192E6C21C6D08FE007C3498 /* Release */ = {
			isa = XCBuildConfiguration;
			buildSettings = {
				BUNDLE_LOADER = "$(TEST_HOST)";
				INFOPLIST_FILE = "Car Health CheckTests/Info.plist";
				LD_RUNPATH_SEARCH_PATHS = "$(inherited) @executable_path/Frameworks @loader_path/Frameworks";
				PRODUCT_BUNDLE_IDENTIFIER = "com.dev.Car-Health-CheckTests";
				PRODUCT_NAME = "$(TARGET_NAME)";
				TEST_HOST = "$(BUILT_PRODUCTS_DIR)/Car Health Check.app/Car Health Check";
			};
			name = Release;
		};
		8192E6C41C6D08FE007C3498 /* Debug */ = {
			isa = XCBuildConfiguration;
			buildSettings = {
				INFOPLIST_FILE = "Car Health CheckUITests/Info.plist";
				LD_RUNPATH_SEARCH_PATHS = "$(inherited) @executable_path/Frameworks @loader_path/Frameworks";
				PRODUCT_BUNDLE_IDENTIFIER = "com.dev.Car-Health-CheckUITests";
				PRODUCT_NAME = "$(TARGET_NAME)";
				TEST_TARGET_NAME = "Car Health Check";
				USES_XCTRUNNER = YES;
			};
			name = Debug;
		};
		8192E6C51C6D08FE007C3498 /* Release */ = {
			isa = XCBuildConfiguration;
			buildSettings = {
				INFOPLIST_FILE = "Car Health CheckUITests/Info.plist";
				LD_RUNPATH_SEARCH_PATHS = "$(inherited) @executable_path/Frameworks @loader_path/Frameworks";
				PRODUCT_BUNDLE_IDENTIFIER = "com.dev.Car-Health-CheckUITests";
				PRODUCT_NAME = "$(TARGET_NAME)";
				TEST_TARGET_NAME = "Car Health Check";
				USES_XCTRUNNER = YES;
			};
			name = Release;
		};
/* End XCBuildConfiguration section */

/* Begin XCConfigurationList section */
		8192E68C1C6D08FE007C3498 /* Build configuration list for PBXProject "Car Health Check" */ = {
			isa = XCConfigurationList;
			buildConfigurations = (
				8192E6BB1C6D08FE007C3498 /* Debug */,
				8192E6BC1C6D08FE007C3498 /* Release */,
			);
			defaultConfigurationIsVisible = 0;
			defaultConfigurationName = Release;
		};
		8192E6BD1C6D08FE007C3498 /* Build configuration list for PBXNativeTarget "Car Health Check" */ = {
			isa = XCConfigurationList;
			buildConfigurations = (
				8192E6BE1C6D08FE007C3498 /* Debug */,
				8192E6BF1C6D08FE007C3498 /* Release */,
			);
			defaultConfigurationIsVisible = 0;
			defaultConfigurationName = Release;
		};
		8192E6C01C6D08FE007C3498 /* Build configuration list for PBXNativeTarget "Car Health CheckTests" */ = {
			isa = XCConfigurationList;
			buildConfigurations = (
				8192E6C11C6D08FE007C3498 /* Debug */,
				8192E6C21C6D08FE007C3498 /* Release */,
			);
			defaultConfigurationIsVisible = 0;
			defaultConfigurationName = Release;
		};
		8192E6C31C6D08FE007C3498 /* Build configuration list for PBXNativeTarget "Car Health CheckUITests" */ = {
			isa = XCConfigurationList;
			buildConfigurations = (
				8192E6C41C6D08FE007C3498 /* Debug */,
				8192E6C51C6D08FE007C3498 /* Release */,
			);
			defaultConfigurationIsVisible = 0;
			defaultConfigurationName = Release;
		};
/* End XCConfigurationList section */
	};
	rootObject = 8192E6891C6D08FE007C3498 /* Project object */;
}
